
Microsoft Visual Studio Solution File, Format Version 12.00
# Visual Studio Version 16
VisualStudioVersion = 16.0.30907.101
MinimumVisualStudioVersion = 10.0.40219.1
Project("{2150E333-8FDC-42A3-9474-1A3956D46DE8}") = "Demo", "Demo", "{A5081B97-B6A4-494C-987C-256F9AA16093}"
EndProject
Project("{2150E333-8FDC-42A3-9474-1A3956D46DE8}") = "Test", "Test", "{84347BF8-AA79-46BE-A7D8-33B03D426186}"
EndProject
Project("{2150E333-8FDC-42A3-9474-1A3956D46DE8}") = "Src", "Src", "{FF7251D9-ABB3-4F63-939E-BC68DDE292EA}"
EndProject
Project("{FAE04EC0-301F-11D3-BF4B-00C04F79EFBC}") = "LoongEgg.Core.Demo", "demo\LoongEgg.Core.Demo\LoongEgg.Core.Demo.csproj", "{DB1B1EAB-AE98-4238-8563-E14EADA318DF}"
EndProject
Project("{9A19103F-16F7-4668-BE54-9A1E7A4F7556}") = "LoongEgg.Core.Test", "test\LoongEgg.Core.Test\LoongEgg.Core.Test.csproj", "{34D61DC5-97E1-4B9C-9735-092B9446413F}"
EndProject
Project("{9A19103F-16F7-4668-BE54-9A1E7A4F7556}") = "LoongEgg.Core", "src\LoongEgg.Core\LoongEgg.Core.csproj", "{026AABF2-0489-4BF9-84E2-A697567897C0}"
EndProject
Global
	GlobalSection(SolutionConfigurationPlatforms) = preSolution
		Debug|Any CPU = Debug|Any CPU
		Release|Any CPU = Release|Any CPU
	EndGlobalSection
	GlobalSection(ProjectConfigurationPlatforms) = postSolution
		{DB1B1EAB-AE98-4238-8563-E14EADA318DF}.Debug|Any CPU.ActiveCfg = Debug|Any CPU
		{DB1B1EAB-AE98-4238-8563-E14EADA318DF}.Debug|Any CPU.Build.0 = Debug|Any CPU
		{DB1B1EAB-AE98-4238-8563-E14EADA318DF}.Release|Any CPU.ActiveCfg = Release|Any CPU
		{DB1B1EAB-AE98-4238-8563-E14EADA318DF}.Release|Any CPU.Build.0 = Release|Any CPU
		{34D61DC5-97E1-4B9C-9735-092B9446413F}.Debug|Any CPU.ActiveCfg = Debug|Any CPU
		{34D61DC5-97E1-4B9C-9735-092B9446413F}.Debug|Any CPU.Build.0 = Debug|Any CPU
		{34D61DC5-97E1-4B9C-9735-092B9446413F}.Release|Any CPU.ActiveCfg = Release|Any CPU
		{34D61DC5-97E1-4B9C-9735-092B9446413F}.Release|Any CPU.Build.0 = Release|Any CPU
		{026AABF2-0489-4BF9-84E2-A697567897C0}.Debug|Any CPU.ActiveCfg = Debug|Any CPU
		{026AABF2-0489-4BF9-84E2-A697567897C0}.Debug|Any CPU.Build.0 = Debug|Any CPU
		{026AABF2-0489-4BF9-84E2-A697567897C0}.Release|Any CPU.ActiveCfg = Release|Any CPU
		{026AABF2-0489-4BF9-84E2-A697567897C0}.Release|Any CPU.Build.0 = Release|Any CPU
	EndGlobalSection
	GlobalSection(SolutionProperties) = preSolution
		HideSolutionNode = FALSE
	EndGlobalSection
	GlobalSection(NestedProjects) = preSolution
		{DB1B1EAB-AE98-4238-8563-E14EADA318DF} = {A5081B97-B6A4-494C-987C-256F9AA16093}
		{34D61DC5-97E1-4B9C-9735-092B9446413F} = {84347BF8-AA79-46BE-A7D8-33B03D426186}
		{026AABF2-0489-4BF9-84E2-A697567897C0} = {FF7251D9-ABB3-4F63-939E-BC68DDE292EA}
	EndGlobalSection
	GlobalSection(ExtensibilityGlobals) = postSolution
		SolutionGuid = {843C2EE0-5378-4853-BF35-22563EA60AF7}
	EndGlobalSection
EndGlobal
